
Microsoft Visual Studio Solution File, Format Version 12.00
# Visual Studio 15
VisualStudioVersion = 15.0.28307.421
MinimumVisualStudioVersion = 10.0.40219.1
Project("{FAE04EC0-301F-11D3-BF4B-00C04F79EFBC}") = "FootballManagement.WebApp", "FootballManagement.WebApp\FootballManagement.WebApp.csproj", "{E87C3DFB-106A-42ED-88FE-41B995A45D02}"
EndProject
Project("{FAE04EC0-301F-11D3-BF4B-00C04F79EFBC}") = "WebApp.UnitTests", "WebApp.UnitTests\WebApp.UnitTests.csproj", "{FCDD4FF5-2D0F-4AFB-AF0F-24BEB2971FF8}"
EndProject
Global
	GlobalSection(SolutionConfigurationPlatforms) = preSolution
		Debug|Any CPU = Debug|Any CPU
		Release|Any CPU = Release|Any CPU
	EndGlobalSection
	GlobalSection(ProjectConfigurationPlatforms) = postSolution
		{E87C3DFB-106A-42ED-88FE-41B995A45D02}.Debug|Any CPU.ActiveCfg = Debug|Any CPU
		{E87C3DFB-106A-42ED-88FE-41B995A45D02}.Debug|Any CPU.Build.0 = Debug|Any CPU
		{E87C3DFB-106A-42ED-88FE-41B995A45D02}.Release|Any CPU.ActiveCfg = Release|Any CPU
		{E87C3DFB-106A-42ED-88FE-41B995A45D02}.Release|Any CPU.Build.0 = Release|Any CPU
		{FCDD4FF5-2D0F-4AFB-AF0F-24BEB2971FF8}.Debug|Any CPU.ActiveCfg = Debug|Any CPU
		{FCDD4FF5-2D0F-4AFB-AF0F-24BEB2971FF8}.Debug|Any CPU.Build.0 = Debug|Any CPU
		{FCDD4FF5-2D0F-4AFB-AF0F-24BEB2971FF8}.Release|Any CPU.ActiveCfg = Release|Any CPU
		{FCDD4FF5-2D0F-4AFB-AF0F-24BEB2971FF8}.Release|Any CPU.Build.0 = Release|Any CPU
	EndGlobalSection
	GlobalSection(SolutionProperties) = preSolution
		HideSolutionNode = FALSE
	EndGlobalSection
	GlobalSection(ExtensibilityGlobals) = postSolution
		SolutionGuid = {FED9063D-B972-4020-9470-6481A5A12C20}
	EndGlobalSection
EndGlobal
